
Microsoft Visual Studio Solution File, Format Version 12.00
# Visual Studio Version 16
VisualStudioVersion = 16.0.31729.503
MinimumVisualStudioVersion = 10.0.40219.1
Project("{FAE04EC0-301F-11D3-BF4B-00C04F79EFBC}") = "MVVMProject", "MVVMProject\MVVMProject.csproj", "{500EACEB-26FF-4AE2-98D9-A2899B6D6E82}"
EndProject
Global
	GlobalSection(SolutionConfigurationPlatforms) = preSolution
		Debug|Any CPU = Debug|Any CPU
		Release|Any CPU = Release|Any CPU
	EndGlobalSection
	GlobalSection(ProjectConfigurationPlatforms) = postSolution
		{500EACEB-26FF-4AE2-98D9-A2899B6D6E82}.Debug|Any CPU.ActiveCfg = Debug|Any CPU
		{500EACEB-26FF-4AE2-98D9-A2899B6D6E82}.Debug|Any CPU.Build.0 = Debug|Any CPU
		{500EACEB-26FF-4AE2-98D9-A2899B6D6E82}.Release|Any CPU.ActiveCfg = Release|Any CPU
		{500EACEB-26FF-4AE2-98D9-A2899B6D6E82}.Release|Any CPU.Build.0 = Release|Any CPU
	EndGlobalSection
	GlobalSection(SolutionProperties) = preSolution
		HideSolutionNode = FALSE
	EndGlobalSection
	GlobalSection(ExtensibilityGlobals) = postSolution
		SolutionGuid = {DF1490FA-8EA9-4715-A7AB-9A7532D30B04}
	EndGlobalSection
EndGlobal
